
Microsoft Visual Studio Solution File, Format Version 12.00
# Visual Studio Version 16
VisualStudioVersion = 16.0.31911.196
MinimumVisualStudioVersion = 10.0.40219.1
Project("{FAE04EC0-301F-11D3-BF4B-00C04F79EFBC}") = "QLTHUETRO_BAOOANH", "QLTHUETRO_BAOOANH\QLTHUETRO_BAOOANH.csproj", "{1120E173-FFAF-40CC-9311-8A62C5C4A14C}"
EndProject
Global
	GlobalSection(SolutionConfigurationPlatforms) = preSolution
		Debug|Any CPU = Debug|Any CPU
		Release|Any CPU = Release|Any CPU
	EndGlobalSection
	GlobalSection(ProjectConfigurationPlatforms) = postSolution
		{1120E173-FFAF-40CC-9311-8A62C5C4A14C}.Debug|Any CPU.ActiveCfg = Debug|Any CPU
		{1120E173-FFAF-40CC-9311-8A62C5C4A14C}.Debug|Any CPU.Build.0 = Debug|Any CPU
		{1120E173-FFAF-40CC-9311-8A62C5C4A14C}.Release|Any CPU.ActiveCfg = Release|Any CPU
		{1120E173-FFAF-40CC-9311-8A62C5C4A14C}.Release|Any CPU.Build.0 = Release|Any CPU
	EndGlobalSection
	GlobalSection(SolutionProperties) = preSolution
		HideSolutionNode = FALSE
	EndGlobalSection
	GlobalSection(ExtensibilityGlobals) = postSolution
		SolutionGuid = {F1E48F0E-E8C2-42E4-9A3F-F68FA317DFFD}
	EndGlobalSection
EndGlobal
